
Microsoft Visual Studio Solution File, Format Version 12.00
# Visual Studio Version 17
VisualStudioVersion = 17.3.32929.385
MinimumVisualStudioVersion = 10.0.40219.1
Project("{9A19103F-16F7-4668-BE54-9A1E7A4F7556}") = "FL1", "FL1\FL1.csproj", "{F7332A00-C81C-4D5E-A213-9478DF520A81}"
EndProject
Project("{9A19103F-16F7-4668-BE54-9A1E7A4F7556}") = "FL2", "FL2\FL2.csproj", "{C03C0FFC-3F91-4F49-A2F6-518933AA1C32}"
EndProject
Project("{2150E333-8FDC-42A3-9474-1A3956D46DE8}") = "Solution Items", "Solution Items", "{6C5B1EC4-4B02-460A-B336-12B366049CB2}"
	ProjectSection(SolutionItems) = preProject
		Anteckningar.txt = Anteckningar.txt
	EndProjectSection
EndProject
Project("{9A19103F-16F7-4668-BE54-9A1E7A4F7556}") = "FL3", "FL3\FL3.csproj", "{6EC42509-B354-49D4-869C-1CC6E2547F10}"
EndProject
Project("{9A19103F-16F7-4668-BE54-9A1E7A4F7556}") = "Challenges", "Challenges\Challenges.csproj", "{97106485-13C5-4D89-B3AB-ADA50623B84F}"
EndProject
Project("{FAE04EC0-301F-11D3-BF4B-00C04F79EFBC}") = "Yahtzee", "Yahtzee\Yahtzee.csproj", "{AB5E604A-74DC-4CB6-B982-CC9AC69D903D}"
EndProject
Global
	GlobalSection(SolutionConfigurationPlatforms) = preSolution
		Debug|Any CPU = Debug|Any CPU
		Release|Any CPU = Release|Any CPU
	EndGlobalSection
	GlobalSection(ProjectConfigurationPlatforms) = postSolution
		{F7332A00-C81C-4D5E-A213-9478DF520A81}.Debug|Any CPU.ActiveCfg = Debug|Any CPU
		{F7332A00-C81C-4D5E-A213-9478DF520A81}.Debug|Any CPU.Build.0 = Debug|Any CPU
		{F7332A00-C81C-4D5E-A213-9478DF520A81}.Release|Any CPU.ActiveCfg = Release|Any CPU
		{F7332A00-C81C-4D5E-A213-9478DF520A81}.Release|Any CPU.Build.0 = Release|Any CPU
		{C03C0FFC-3F91-4F49-A2F6-518933AA1C32}.Debug|Any CPU.ActiveCfg = Debug|Any CPU
		{C03C0FFC-3F91-4F49-A2F6-518933AA1C32}.Debug|Any CPU.Build.0 = Debug|Any CPU
		{C03C0FFC-3F91-4F49-A2F6-518933AA1C32}.Release|Any CPU.ActiveCfg = Release|Any CPU
		{C03C0FFC-3F91-4F49-A2F6-518933AA1C32}.Release|Any CPU.Build.0 = Release|Any CPU
		{6EC42509-B354-49D4-869C-1CC6E2547F10}.Debug|Any CPU.ActiveCfg = Debug|Any CPU
		{6EC42509-B354-49D4-869C-1CC6E2547F10}.Debug|Any CPU.Build.0 = Debug|Any CPU
		{6EC42509-B354-49D4-869C-1CC6E2547F10}.Release|Any CPU.ActiveCfg = Release|Any CPU
		{6EC42509-B354-49D4-869C-1CC6E2547F10}.Release|Any CPU.Build.0 = Release|Any CPU
		{97106485-13C5-4D89-B3AB-ADA50623B84F}.Debug|Any CPU.ActiveCfg = Debug|Any CPU
		{97106485-13C5-4D89-B3AB-ADA50623B84F}.Debug|Any CPU.Build.0 = Debug|Any CPU
		{97106485-13C5-4D89-B3AB-ADA50623B84F}.Release|Any CPU.ActiveCfg = Release|Any CPU
		{97106485-13C5-4D89-B3AB-ADA50623B84F}.Release|Any CPU.Build.0 = Release|Any CPU
		{AB5E604A-74DC-4CB6-B982-CC9AC69D903D}.Debug|Any CPU.ActiveCfg = Debug|Any CPU
		{AB5E604A-74DC-4CB6-B982-CC9AC69D903D}.Debug|Any CPU.Build.0 = Debug|Any CPU
		{AB5E604A-74DC-4CB6-B982-CC9AC69D903D}.Release|Any CPU.ActiveCfg = Release|Any CPU
		{AB5E604A-74DC-4CB6-B982-CC9AC69D903D}.Release|Any CPU.Build.0 = Release|Any CPU
	EndGlobalSection
	GlobalSection(SolutionProperties) = preSolution
		HideSolutionNode = FALSE
	EndGlobalSection
	GlobalSection(ExtensibilityGlobals) = postSolution
		SolutionGuid = {D1274ECD-A80E-4BEC-B9B1-148ED8706C67}
	EndGlobalSection
EndGlobal
